// !$*UTF8*$!
{
	archiveVersion = 1;
	classes = {
	};
	objectVersion = 48;
	objects = {

/* Begin PBXBuildFile section */
		24C11296C0C95BC3E2C54E83 /* Pods_swift_server.framework in Frameworks */ = {isa = PBXBuildFile; fileRef = 59EB0419BA30155B4F1EC3AD /* Pods_swift_server.framework */; };
		29047BDC2053548400A3FCD5 /* ErrorResponse.swift in Sources */ = {isa = PBXBuildFile; fileRef = 29047BDB2053548400A3FCD5 /* ErrorResponse.swift */; };
		29686F63205437DC009BB75E /* DateFormatterExtension.swift in Sources */ = {isa = PBXBuildFile; fileRef = 29686F62205437DC009BB75E /* DateFormatterExtension.swift */; };
		29882F302050901500191D68 /* AppDelegate.swift in Sources */ = {isa = PBXBuildFile; fileRef = 29882F2F2050901500191D68 /* AppDelegate.swift */; };
		29882F322050901500191D68 /* ViewController.swift in Sources */ = {isa = PBXBuildFile; fileRef = 29882F312050901500191D68 /* ViewController.swift */; };
		29882F352050901500191D68 /* Main.storyboard in Resources */ = {isa = PBXBuildFile; fileRef = 29882F332050901500191D68 /* Main.storyboard */; };
		29882F372050901500191D68 /* Assets.xcassets in Resources */ = {isa = PBXBuildFile; fileRef = 29882F362050901500191D68 /* Assets.xcassets */; };
		29882F3A2050901500191D68 /* LaunchScreen.storyboard in Resources */ = {isa = PBXBuildFile; fileRef = 29882F382050901500191D68 /* LaunchScreen.storyboard */; };
		29A72FAA2050977400E61BA4 /* NetworkProvider.swift in Sources */ = {isa = PBXBuildFile; fileRef = 29A72FA92050977400E61BA4 /* NetworkProvider.swift */; };
		29A72FAC205097BE00E61BA4 /* User.swift in Sources */ = {isa = PBXBuildFile; fileRef = 29A72FAB205097BE00E61BA4 /* User.swift */; };
		29A72FAE205097CC00E61BA4 /* Dream.swift in Sources */ = {isa = PBXBuildFile; fileRef = 29A72FAD205097CC00E61BA4 /* Dream.swift */; };
		29A72FB0205097F300E61BA4 /* WorkHelp.swift in Sources */ = {isa = PBXBuildFile; fileRef = 29A72FAF205097F300E61BA4 /* WorkHelp.swift */; };
		29A72FB22050980200E61BA4 /* EquipmentHelp.swift in Sources */ = {isa = PBXBuildFile; fileRef = 29A72FB12050980200E61BA4 /* EquipmentHelp.swift */; };
		29A72FB42050981200E61BA4 /* MoneyHelp.swift in Sources */ = {isa = PBXBuildFile; fileRef = 29A72FB32050981200E61BA4 /* MoneyHelp.swift */; };
		29A72FB62050982400E61BA4 /* Location.swift in Sources */ = {isa = PBXBuildFile; fileRef = 29A72FB52050982400E61BA4 /* Location.swift */; };
		29A72FB820509BED00E61BA4 /* Moya+PromiseKit.swift in Sources */ = {isa = PBXBuildFile; fileRef = 29A72FB720509BED00E61BA4 /* Moya+PromiseKit.swift */; };
		29A72FBA2050B0B500E61BA4 /* Moya+BaseUrl.swift in Sources */ = {isa = PBXBuildFile; fileRef = 29A72FB92050B0B500E61BA4 /* Moya+BaseUrl.swift */; };
/* End PBXBuildFile section */

/* Begin PBXFileReference section */
		0CE8EE6C18C14C0F4B7FE64A /* Pods-swift-server.debug.xcconfig */ = {isa = PBXFileReference; includeInIndex = 1; lastKnownFileType = text.xcconfig; name = "Pods-swift-server.debug.xcconfig"; path = "Pods/Target Support Files/Pods-swift-server/Pods-swift-server.debug.xcconfig"; sourceTree = "<group>"; };
		29047BDB2053548400A3FCD5 /* ErrorResponse.swift */ = {isa = PBXFileReference; lastKnownFileType = sourcecode.swift; path = ErrorResponse.swift; sourceTree = "<group>"; };
		29686F62205437DC009BB75E /* DateFormatterExtension.swift */ = {isa = PBXFileReference; lastKnownFileType = sourcecode.swift; path = DateFormatterExtension.swift; sourceTree = "<group>"; };
		29882F2C2050901500191D68 /* swift-server.app */ = {isa = PBXFileReference; explicitFileType = wrapper.application; includeInIndex = 0; path = "swift-server.app"; sourceTree = BUILT_PRODUCTS_DIR; };
		29882F2F2050901500191D68 /* AppDelegate.swift */ = {isa = PBXFileReference; lastKnownFileType = sourcecode.swift; path = AppDelegate.swift; sourceTree = "<group>"; };
		29882F312050901500191D68 /* ViewController.swift */ = {isa = PBXFileReference; lastKnownFileType = sourcecode.swift; path = ViewController.swift; sourceTree = "<group>"; };
		29882F342050901500191D68 /* Base */ = {isa = PBXFileReference; lastKnownFileType = file.storyboard; name = Base; path = Base.lproj/Main.storyboard; sourceTree = "<group>"; };
		29882F362050901500191D68 /* Assets.xcassets */ = {isa = PBXFileReference; lastKnownFileType = folder.assetcatalog; path = Assets.xcassets; sourceTree = "<group>"; };
		29882F392050901500191D68 /* Base */ = {isa = PBXFileReference; lastKnownFileType = file.storyboard; name = Base; path = Base.lproj/LaunchScreen.storyboard; sourceTree = "<group>"; };
		29882F3B2050901500191D68 /* Info.plist */ = {isa = PBXFileReference; lastKnownFileType = text.plist.xml; path = Info.plist; sourceTree = "<group>"; };
		29A72FA92050977400E61BA4 /* NetworkProvider.swift */ = {isa = PBXFileReference; lastKnownFileType = sourcecode.swift; path = NetworkProvider.swift; sourceTree = "<group>"; };
		29A72FAB205097BE00E61BA4 /* User.swift */ = {isa = PBXFileReference; lastKnownFileType = sourcecode.swift; path = User.swift; sourceTree = "<group>"; };
		29A72FAD205097CC00E61BA4 /* Dream.swift */ = {isa = PBXFileReference; lastKnownFileType = sourcecode.swift; path = Dream.swift; sourceTree = "<group>"; };
		29A72FAF205097F300E61BA4 /* WorkHelp.swift */ = {isa = PBXFileReference; lastKnownFileType = sourcecode.swift; path = WorkHelp.swift; sourceTree = "<group>"; };
		29A72FB12050980200E61BA4 /* EquipmentHelp.swift */ = {isa = PBXFileReference; lastKnownFileType = sourcecode.swift; path = EquipmentHelp.swift; sourceTree = "<group>"; };
		29A72FB32050981200E61BA4 /* MoneyHelp.swift */ = {isa = PBXFileReference; lastKnownFileType = sourcecode.swift; path = MoneyHelp.swift; sourceTree = "<group>"; };
		29A72FB52050982400E61BA4 /* Location.swift */ = {isa = PBXFileReference; lastKnownFileType = sourcecode.swift; path = Location.swift; sourceTree = "<group>"; };
		29A72FB720509BED00E61BA4 /* Moya+PromiseKit.swift */ = {isa = PBXFileReference; lastKnownFileType = sourcecode.swift; path = "Moya+PromiseKit.swift"; sourceTree = "<group>"; };
		29A72FB92050B0B500E61BA4 /* Moya+BaseUrl.swift */ = {isa = PBXFileReference; lastKnownFileType = sourcecode.swift; path = "Moya+BaseUrl.swift"; sourceTree = "<group>"; };
		59EB0419BA30155B4F1EC3AD /* Pods_swift_server.framework */ = {isa = PBXFileReference; explicitFileType = wrapper.framework; includeInIndex = 0; path = Pods_swift_server.framework; sourceTree = BUILT_PRODUCTS_DIR; };
		BD77CAB00C5FB629F0409B48 /* Pods-swift-server.release.xcconfig */ = {isa = PBXFileReference; includeInIndex = 1; lastKnownFileType = text.xcconfig; name = "Pods-swift-server.release.xcconfig"; path = "Pods/Target Support Files/Pods-swift-server/Pods-swift-server.release.xcconfig"; sourceTree = "<group>"; };
/* End PBXFileReference section */

/* Begin PBXFrameworksBuildPhase section */
		29882F292050901500191D68 /* Frameworks */ = {
			isa = PBXFrameworksBuildPhase;
			buildActionMask = 2147483647;
			files = (
				24C11296C0C95BC3E2C54E83 /* Pods_swift_server.framework in Frameworks */,
			);
			runOnlyForDeploymentPostprocessing = 0;
		};
/* End PBXFrameworksBuildPhase section */

/* Begin PBXGroup section */
		29882F232050901500191D68 = {
			isa = PBXGroup;
			children = (
				29882F2E2050901500191D68 /* swift-server */,
				29882F2D2050901500191D68 /* Products */,
				88F7C30AC4EA3CBDE1CCC322 /* Pods */,
				46388186A962B07984EFA4B3 /* Frameworks */,
			);
			sourceTree = "<group>";
		};
		29882F2D2050901500191D68 /* Products */ = {
			isa = PBXGroup;
			children = (
				29882F2C2050901500191D68 /* swift-server.app */,
			);
			name = Products;
			sourceTree = "<group>";
		};
		29882F2E2050901500191D68 /* swift-server */ = {
			isa = PBXGroup;
			children = (
				29A72FA8205096D400E61BA4 /* Network */,
				29A72FA7205096C100E61BA4 /* Models */,
				29882F2F2050901500191D68 /* AppDelegate.swift */,
				29882F312050901500191D68 /* ViewController.swift */,
				29882F332050901500191D68 /* Main.storyboard */,
				29882F362050901500191D68 /* Assets.xcassets */,
				29882F382050901500191D68 /* LaunchScreen.storyboard */,
				29882F3B2050901500191D68 /* Info.plist */,
			);
			path = "swift-server";
			sourceTree = "<group>";
		};
		29A72FA7205096C100E61BA4 /* Models */ = {
			isa = PBXGroup;
			children = (
				29A72FAB205097BE00E61BA4 /* User.swift */,
				29A72FAD205097CC00E61BA4 /* Dream.swift */,
				29A72FAF205097F300E61BA4 /* WorkHelp.swift */,
				29A72FB12050980200E61BA4 /* EquipmentHelp.swift */,
				29A72FB32050981200E61BA4 /* MoneyHelp.swift */,
				29A72FB52050982400E61BA4 /* Location.swift */,
			);
			path = Models;
			sourceTree = "<group>";
		};
		29A72FA8205096D400E61BA4 /* Network */ = {
			isa = PBXGroup;
			children = (
				29A72FA92050977400E61BA4 /* NetworkProvider.swift */,
				29A72FB720509BED00E61BA4 /* Moya+PromiseKit.swift */,
				29A72FB92050B0B500E61BA4 /* Moya+BaseUrl.swift */,
				29047BDB2053548400A3FCD5 /* ErrorResponse.swift */,
				29686F62205437DC009BB75E /* DateFormatterExtension.swift */,
			);
			path = Network;
			sourceTree = "<group>";
		};
		46388186A962B07984EFA4B3 /* Frameworks */ = {
			isa = PBXGroup;
			children = (
				59EB0419BA30155B4F1EC3AD /* Pods_swift_server.framework */,
			);
			name = Frameworks;
			sourceTree = "<group>";
		};
		88F7C30AC4EA3CBDE1CCC322 /* Pods */ = {
			isa = PBXGroup;
			children = (
				0CE8EE6C18C14C0F4B7FE64A /* Pods-swift-server.debug.xcconfig */,
				BD77CAB00C5FB629F0409B48 /* Pods-swift-server.release.xcconfig */,
			);
			name = Pods;
			sourceTree = "<group>";
		};
/* End PBXGroup section */

/* Begin PBXNativeTarget section */
		29882F2B2050901500191D68 /* swift-server */ = {
			isa = PBXNativeTarget;
			buildConfigurationList = 29882F3E2050901500191D68 /* Build configuration list for PBXNativeTarget "swift-server" */;
			buildPhases = (
				6B43D0F8BDD7A56EFF65A4BD /* [CP] Check Pods Manifest.lock */,
				29882F282050901500191D68 /* Sources */,
				29882F292050901500191D68 /* Frameworks */,
				29882F2A2050901500191D68 /* Resources */,
				E6AF8F5B715AA6147DBF1F93 /* [CP] Embed Pods Frameworks */,
				96DABC87973BFB29C6C4BC97 /* [CP] Copy Pods Resources */,
			);
			buildRules = (
			);
			dependencies = (
			);
			name = "swift-server";
			productName = "swift-server";
			productReference = 29882F2C2050901500191D68 /* swift-server.app */;
			productType = "com.apple.product-type.application";
		};
/* End PBXNativeTarget section */

/* Begin PBXProject section */
		29882F242050901500191D68 /* Project object */ = {
			isa = PBXProject;
			attributes = {
				LastSwiftUpdateCheck = 0920;
				LastUpgradeCheck = 0920;
				ORGANIZATIONNAME = "Yuriy T";
				TargetAttributes = {
					29882F2B2050901500191D68 = {
						CreatedOnToolsVersion = 9.2;
						ProvisioningStyle = Manual;
					};
				};
			};
			buildConfigurationList = 29882F272050901500191D68 /* Build configuration list for PBXProject "swift-server" */;
			compatibilityVersion = "Xcode 8.0";
			developmentRegion = en;
			hasScannedForEncodings = 0;
			knownRegions = (
				en,
				Base,
			);
			mainGroup = 29882F232050901500191D68;
			productRefGroup = 29882F2D2050901500191D68 /* Products */;
			projectDirPath = "";
			projectRoot = "";
			targets = (
				29882F2B2050901500191D68 /* swift-server */,
			);
		};
/* End PBXProject section */

/* Begin PBXResourcesBuildPhase section */
		29882F2A2050901500191D68 /* Resources */ = {
			isa = PBXResourcesBuildPhase;
			buildActionMask = 2147483647;
			files = (
				29882F3A2050901500191D68 /* LaunchScreen.storyboard in Resources */,
				29882F372050901500191D68 /* Assets.xcassets in Resources */,
				29882F352050901500191D68 /* Main.storyboard in Resources */,
			);
			runOnlyForDeploymentPostprocessing = 0;
		};
/* End PBXResourcesBuildPhase section */

/* Begin PBXShellScriptBuildPhase section */
		6B43D0F8BDD7A56EFF65A4BD /* [CP] Check Pods Manifest.lock */ = {
			isa = PBXShellScriptBuildPhase;
			buildActionMask = 2147483647;
			files = (
			);
			inputPaths = (
				"${PODS_PODFILE_DIR_PATH}/Podfile.lock",
				"${PODS_ROOT}/Manifest.lock",
			);
			name = "[CP] Check Pods Manifest.lock";
			outputPaths = (
				"$(DERIVED_FILE_DIR)/Pods-swift-server-checkManifestLockResult.txt",
			);
			runOnlyForDeploymentPostprocessing = 0;
			shellPath = /bin/sh;
			shellScript = "diff \"${PODS_PODFILE_DIR_PATH}/Podfile.lock\" \"${PODS_ROOT}/Manifest.lock\" > /dev/null\nif [ $? != 0 ] ; then\n    # print error to STDERR\n    echo \"error: The sandbox is not in sync with the Podfile.lock. Run 'pod install' or update your CocoaPods installation.\" >&2\n    exit 1\nfi\n# This output is used by Xcode 'outputs' to avoid re-running this script phase.\necho \"SUCCESS\" > \"${SCRIPT_OUTPUT_FILE_0}\"\n";
			showEnvVarsInLog = 0;
		};
		96DABC87973BFB29C6C4BC97 /* [CP] Copy Pods Resources */ = {
			isa = PBXShellScriptBuildPhase;
			buildActionMask = 2147483647;
			files = (
			);
			inputPaths = (
			);
			name = "[CP] Copy Pods Resources";
			outputPaths = (
			);
			runOnlyForDeploymentPostprocessing = 0;
			shellPath = /bin/sh;
			shellScript = "\"${SRCROOT}/Pods/Target Support Files/Pods-swift-server/Pods-swift-server-resources.sh\"\n";
			showEnvVarsInLog = 0;
		};
		E6AF8F5B715AA6147DBF1F93 /* [CP] Embed Pods Frameworks */ = {
			isa = PBXShellScriptBuildPhase;
			buildActionMask = 2147483647;
			files = (
			);
			inputPaths = (
				"${SRCROOT}/Pods/Target Support Files/Pods-swift-server/Pods-swift-server-frameworks.sh",
				"${BUILT_PRODUCTS_DIR}/Alamofire/Alamofire.framework",
				"${BUILT_PRODUCTS_DIR}/Moya/Moya.framework",
				"${BUILT_PRODUCTS_DIR}/PromiseKit/PromiseKit.framework",
				"${BUILT_PRODUCTS_DIR}/Realm/Realm.framework",
				"${BUILT_PRODUCTS_DIR}/RealmSwift/RealmSwift.framework",
				"${BUILT_PRODUCTS_DIR}/Result/Result.framework",
				"${BUILT_PRODUCTS_DIR}/netfox/netfox.framework",
			);
			name = "[CP] Embed Pods Frameworks";
			outputPaths = (
				"${TARGET_BUILD_DIR}/${FRAMEWORKS_FOLDER_PATH}/Alamofire.framework",
				"${TARGET_BUILD_DIR}/${FRAMEWORKS_FOLDER_PATH}/Moya.framework",
				"${TARGET_BUILD_DIR}/${FRAMEWORKS_FOLDER_PATH}/PromiseKit.framework",
				"${TARGET_BUILD_DIR}/${FRAMEWORKS_FOLDER_PATH}/Realm.framework",
				"${TARGET_BUILD_DIR}/${FRAMEWORKS_FOLDER_PATH}/RealmSwift.framework",
				"${TARGET_BUILD_DIR}/${FRAMEWORKS_FOLDER_PATH}/Result.framework",
				"${TARGET_BUILD_DIR}/${FRAMEWORKS_FOLDER_PATH}/netfox.framework",
			);
			runOnlyForDeploymentPostprocessing = 0;
			shellPath = /bin/sh;
			shellScript = "\"${SRCROOT}/Pods/Target Support Files/Pods-swift-server/Pods-swift-server-frameworks.sh\"\n";
			showEnvVarsInLog = 0;
		};
/* End PBXShellScriptBuildPhase section */

/* Begin PBXSourcesBuildPhase section */
		29882F282050901500191D68 /* Sources */ = {
			isa = PBXSourcesBuildPhase;
			buildActionMask = 2147483647;
			files = (
				29A72FAC205097BE00E61BA4 /* User.swift in Sources */,
				29882F322050901500191D68 /* ViewController.swift in Sources */,
				29882F302050901500191D68 /* AppDelegate.swift in Sources */,
				29047BDC2053548400A3FCD5 /* ErrorResponse.swift in Sources */,
				29A72FBA2050B0B500E61BA4 /* Moya+BaseUrl.swift in Sources */,
				29686F63205437DC009BB75E /* DateFormatterExtension.swift in Sources */,
				29A72FB42050981200E61BA4 /* MoneyHelp.swift in Sources */,
				29A72FB820509BED00E61BA4 /* Moya+PromiseKit.swift in Sources */,
				29A72FB62050982400E61BA4 /* Location.swift in Sources */,
				29A72FAE205097CC00E61BA4 /* Dream.swift in Sources */,
				29A72FAA2050977400E61BA4 /* NetworkProvider.swift in Sources */,
				29A72FB0205097F300E61BA4 /* WorkHelp.swift in Sources */,
				29A72FB22050980200E61BA4 /* EquipmentHelp.swift in Sources */,
			);
			runOnlyForDeploymentPostprocessing = 0;
		};
/* End PBXSourcesBuildPhase section */

/* Begin PBXVariantGroup section */
		29882F332050901500191D68 /* Main.storyboard */ = {
			isa = PBXVariantGroup;
			children = (
				29882F342050901500191D68 /* Base */,
			);
			name = Main.storyboard;
			sourceTree = "<group>";
		};
		29882F382050901500191D68 /* LaunchScreen.storyboard */ = {
			isa = PBXVariantGroup;
			children = (
				29882F392050901500191D68 /* Base */,
			);
			name = LaunchScreen.storyboard;
			sourceTree = "<group>";
		};
/* End PBXVariantGroup section */

/* Begin XCBuildConfiguration section */
		29882F3C2050901500191D68 /* Debug */ = {
			isa = XCBuildConfiguration;
			buildSettings = {
				ALWAYS_SEARCH_USER_PATHS = NO;
				CLANG_ANALYZER_NONNULL = YES;
				CLANG_ANALYZER_NUMBER_OBJECT_CONVERSION = YES_AGGRESSIVE;
				CLANG_CXX_LANGUAGE_STANDARD = "gnu++14";
				CLANG_CXX_LIBRARY = "libc++";
				CLANG_ENABLE_MODULES = YES;
				CLANG_ENABLE_OBJC_ARC = YES;
				CLANG_WARN_BLOCK_CAPTURE_AUTORELEASING = YES;
				CLANG_WARN_BOOL_CONVERSION = YES;
				CLANG_WARN_COMMA = YES;
				CLANG_WARN_CONSTANT_CONVERSION = YES;
				CLANG_WARN_DIRECT_OBJC_ISA_USAGE = YES_ERROR;
				CLANG_WARN_DOCUMENTATION_COMMENTS = YES;
				CLANG_WARN_EMPTY_BODY = YES;
				CLANG_WARN_ENUM_CONVERSION = YES;
				CLANG_WARN_INFINITE_RECURSION = YES;
				CLANG_WARN_INT_CONVERSION = YES;
				CLANG_WARN_NON_LITERAL_NULL_CONVERSION = YES;
				CLANG_WARN_OBJC_LITERAL_CONVERSION = YES;
				CLANG_WARN_OBJC_ROOT_CLASS = YES_ERROR;
				CLANG_WARN_RANGE_LOOP_ANALYSIS = YES;
				CLANG_WARN_STRICT_PROTOTYPES = YES;
				CLANG_WARN_SUSPICIOUS_MOVE = YES;
				CLANG_WARN_UNGUARDED_AVAILABILITY = YES_AGGRESSIVE;
				CLANG_WARN_UNREACHABLE_CODE = YES;
				CLANG_WARN__DUPLICATE_METHOD_MATCH = YES;
				CODE_SIGN_IDENTITY = "iPhone Developer";
				COPY_PHASE_STRIP = NO;
				DEBUG_INFORMATION_FORMAT = dwarf;
				ENABLE_STRICT_OBJC_MSGSEND = YES;
				ENABLE_TESTABILITY = YES;
				GCC_C_LANGUAGE_STANDARD = gnu11;
				GCC_DYNAMIC_NO_PIC = NO;
				GCC_NO_COMMON_BLOCKS = YES;
				GCC_OPTIMIZATION_LEVEL = 0;
				GCC_PREPROCESSOR_DEFINITIONS = (
					"DEBUG=1",
					"$(inherited)",
				);
				GCC_WARN_64_TO_32_BIT_CONVERSION = YES;
				GCC_WARN_ABOUT_RETURN_TYPE = YES_ERROR;
				GCC_WARN_UNDECLARED_SELECTOR = YES;
				GCC_WARN_UNINITIALIZED_AUTOS = YES_AGGRESSIVE;
				GCC_WARN_UNUSED_FUNCTION = YES;
				GCC_WARN_UNUSED_VARIABLE = YES;
				IPHONEOS_DEPLOYMENT_TARGET = 11.2;
				MTL_ENABLE_DEBUG_INFO = YES;
				ONLY_ACTIVE_ARCH = YES;
				SDKROOT = iphoneos;
				SWIFT_ACTIVE_COMPILATION_CONDITIONS = DEBUG;
				SWIFT_OPTIMIZATION_LEVEL = "-Onone";
			};
			name = Debug;
		};
		29882F3D2050901500191D68 /* Release */ = {
			isa = XCBuildConfiguration;
			buildSettings = {
				ALWAYS_SEARCH_USER_PATHS = NO;
				CLANG_ANALYZER_NONNULL = YES;
				CLANG_ANALYZER_NUMBER_OBJECT_CONVERSION = YES_AGGRESSIVE;
				CLANG_CXX_LANGUAGE_STANDARD = "gnu++14";
				CLANG_CXX_LIBRARY = "libc++";
				CLANG_ENABLE_MODULES = YES;
				CLANG_ENABLE_OBJC_ARC = YES;
				CLANG_WARN_BLOCK_CAPTURE_AUTORELEASING = YES;
				CLANG_WARN_BOOL_CONVERSION = YES;
				CLANG_WARN_COMMA = YES;
				CLANG_WARN_CONSTANT_CONVERSION = YES;
				CLANG_WARN_DIRECT_OBJC_ISA_USAGE = YES_ERROR;
				CLANG_WARN_DOCUMENTATION_COMMENTS = YES;
				CLANG_WARN_EMPTY_BODY = YES;
				CLANG_WARN_ENUM_CONVERSION = YES;
				CLANG_WARN_INFINITE_RECURSION = YES;
				CLANG_WARN_INT_CONVERSION = YES;
				CLANG_WARN_NON_LITERAL_NULL_CONVERSION = YES;
				CLANG_WARN_OBJC_LITERAL_CONVERSION = YES;
				CLANG_WARN_OBJC_ROOT_CLASS = YES_ERROR;
				CLANG_WARN_RANGE_LOOP_ANALYSIS = YES;
				CLANG_WARN_STRICT_PROTOTYPES = YES;
				CLANG_WARN_SUSPICIOUS_MOVE = YES;
				CLANG_WARN_UNGUARDED_AVAILABILITY = YES_AGGRESSIVE;
				CLANG_WARN_UNREACHABLE_CODE = YES;
				CLANG_WARN__DUPLICATE_METHOD_MATCH = YES;
				CODE_SIGN_IDENTITY = "iPhone Developer";
				COPY_PHASE_STRIP = NO;
				DEBUG_INFORMATION_FORMAT = "dwarf-with-dsym";
				ENABLE_NS_ASSERTIONS = NO;
				ENABLE_STRICT_OBJC_MSGSEND = YES;
				GCC_C_LANGUAGE_STANDARD = gnu11;
				GCC_NO_COMMON_BLOCKS = YES;
				GCC_WARN_64_TO_32_BIT_CONVERSION = YES;
				GCC_WARN_ABOUT_RETURN_TYPE = YES_ERROR;
				GCC_WARN_UNDECLARED_SELECTOR = YES;
				GCC_WARN_UNINITIALIZED_AUTOS = YES_AGGRESSIVE;
				GCC_WARN_UNUSED_FUNCTION = YES;
				GCC_WARN_UNUSED_VARIABLE = YES;
				IPHONEOS_DEPLOYMENT_TARGET = 11.2;
				MTL_ENABLE_DEBUG_INFO = NO;
				SDKROOT = iphoneos;
				SWIFT_OPTIMIZATION_LEVEL = "-Owholemodule";
				VALIDATE_PRODUCT = YES;
			};
			name = Release;
		};
		29882F3F2050901500191D68 /* Debug */ = {
			isa = XCBuildConfiguration;
			baseConfigurationReference = 0CE8EE6C18C14C0F4B7FE64A /* Pods-swift-server.debug.xcconfig */;
			buildSettings = {
				ASSETCATALOG_COMPILER_APPICON_NAME = AppIcon;
				CODE_SIGN_STYLE = Manual;
				DEVELOPMENT_TEAM = "";
				INFOPLIST_FILE = "swift-server/Info.plist";
				IPHONEOS_DEPLOYMENT_TARGET = 10.0;
				LD_RUNPATH_SEARCH_PATHS = "$(inherited) @executable_path/Frameworks";
				PRODUCT_BUNDLE_IDENTIFIER = "com.yuriy.t.swift.server.local.swift-server";
				PRODUCT_NAME = "$(TARGET_NAME)";
				PROVISIONING_PROFILE_SPECIFIER = "";
				SWIFT_VERSION = 4.0;
				TARGETED_DEVICE_FAMILY = 1;
			};
			name = Debug;
		};
		29882F402050901500191D68 /* Release */ = {
			isa = XCBuildConfiguration;
			baseConfigurationReference = BD77CAB00C5FB629F0409B48 /* Pods-swift-server.release.xcconfig */;
			buildSettings = {
				ASSETCATALOG_COMPILER_APPICON_NAME = AppIcon;
				CODE_SIGN_STYLE = Manual;
				DEVELOPMENT_TEAM = "";
				INFOPLIST_FILE = "swift-server/Info.plist";
				IPHONEOS_DEPLOYMENT_TARGET = 10.0;
				LD_RUNPATH_SEARCH_PATHS = "$(inherited) @executable_path/Frameworks";
				PRODUCT_BUNDLE_IDENTIFIER = "com.yuriy.t.swift.server.local.swift-server";
				PRODUCT_NAME = "$(TARGET_NAME)";
				PROVISIONING_PROFILE_SPECIFIER = "";
				SWIFT_VERSION = 4.0;
				TARGETED_DEVICE_FAMILY = 1;
			};
			name = Release;
		};
/* End XCBuildConfiguration section */

/* Begin XCConfigurationList section */
		29882F272050901500191D68 /* Build configuration list for PBXProject "swift-server" */ = {
			isa = XCConfigurationList;
			buildConfigurations = (
				29882F3C2050901500191D68 /* Debug */,
				29882F3D2050901500191D68 /* Release */,
			);
			defaultConfigurationIsVisible = 0;
			defaultConfigurationName = Release;
		};
		29882F3E2050901500191D68 /* Build configuration list for PBXNativeTarget "swift-server" */ = {
			isa = XCConfigurationList;
			buildConfigurations = (
				29882F3F2050901500191D68 /* Debug */,
				29882F402050901500191D68 /* Release */,
			);
			defaultConfigurationIsVisible = 0;
			defaultConfigurationName = Release;
		};
/* End XCConfigurationList section */
	};
	rootObject = 29882F242050901500191D68 /* Project object */;
}
